// !$*UTF8*$!
{
	archiveVersion = 1;
	classes = {
	};
	objectVersion = 50;
	objects = {

/* Begin PBXBuildFile section */
		44C3796F26A98E76004A1D7C /* AppDelegate.swift in Sources */ = {isa = PBXBuildFile; fileRef = 44C3796E26A98E76004A1D7C /* AppDelegate.swift */; };
		44C3797126A98E76004A1D7C /* SceneDelegate.swift in Sources */ = {isa = PBXBuildFile; fileRef = 44C3797026A98E76004A1D7C /* SceneDelegate.swift */; };
		44C3797826A98E7C004A1D7C /* Assets.xcassets in Resources */ = {isa = PBXBuildFile; fileRef = 44C3797726A98E7C004A1D7C /* Assets.xcassets */; };
		44C3797B26A98E7C004A1D7C /* LaunchScreen.storyboard in Resources */ = {isa = PBXBuildFile; fileRef = 44C3797926A98E7C004A1D7C /* LaunchScreen.storyboard */; };
		44C3798626A98E7E004A1D7C /* BigBurgerTests.swift in Sources */ = {isa = PBXBuildFile; fileRef = 44C3798526A98E7E004A1D7C /* BigBurgerTests.swift */; };
		44C3799126A98E7E004A1D7C /* BigBurgerUITests.swift in Sources */ = {isa = PBXBuildFile; fileRef = 44C3799026A98E7E004A1D7C /* BigBurgerUITests.swift */; };
		44C379A026A994B1004A1D7C /* BurgerListViewController.swift in Sources */ = {isa = PBXBuildFile; fileRef = 44C3799F26A994B1004A1D7C /* BurgerListViewController.swift */; };
		44C379A326A99ABB004A1D7C /* Constant.swift in Sources */ = {isa = PBXBuildFile; fileRef = 44C379A226A99ABA004A1D7C /* Constant.swift */; };
		44C379A626A99D45004A1D7C /* BurgerTableViewCell.swift in Sources */ = {isa = PBXBuildFile; fileRef = 44C379A526A99D45004A1D7C /* BurgerTableViewCell.swift */; };
		44C379A826A9A9F7004A1D7C /* ExtensionUimage.swift in Sources */ = {isa = PBXBuildFile; fileRef = 44C379A726A9A9F7004A1D7C /* ExtensionUimage.swift */; };
		44C379AB26A9B76E004A1D7C /* Burger.swift in Sources */ = {isa = PBXBuildFile; fileRef = 44C379AA26A9B76E004A1D7C /* Burger.swift */; };
		44C379B226A9B858004A1D7C /* RestApiManager.swift in Sources */ = {isa = PBXBuildFile; fileRef = 44C379B126A9B858004A1D7C /* RestApiManager.swift */; };
		44C379B426A9B8C0004A1D7C /* ParserHelper.swift in Sources */ = {isa = PBXBuildFile; fileRef = 44C379B326A9B8C0004A1D7C /* ParserHelper.swift */; };
		44C379B626A9B901004A1D7C /* ErrorResult.swift in Sources */ = {isa = PBXBuildFile; fileRef = 44C379B526A9B901004A1D7C /* ErrorResult.swift */; };
		44C379B826A9B929004A1D7C /* BurgerService.swift in Sources */ = {isa = PBXBuildFile; fileRef = 44C379B726A9B929004A1D7C /* BurgerService.swift */; };
		44C379BB26A9B9F5004A1D7C /* BurgerViewModel.swift in Sources */ = {isa = PBXBuildFile; fileRef = 44C379BA26A9B9F5004A1D7C /* BurgerViewModel.swift */; };
		44C379BD26A9BC17004A1D7C /* BaseViewController.swift in Sources */ = {isa = PBXBuildFile; fileRef = 44C379BC26A9BC17004A1D7C /* BaseViewController.swift */; };
		44C379BF26AAEC3C004A1D7C /* ListOrderViewController.swift in Sources */ = {isa = PBXBuildFile; fileRef = 44C379BE26AAEC3C004A1D7C /* ListOrderViewController.swift */; };
/* End PBXBuildFile section */

/* Begin PBXContainerItemProxy section */
		44C3798226A98E7E004A1D7C /* PBXContainerItemProxy */ = {
			isa = PBXContainerItemProxy;
			containerPortal = 44C3796326A98E75004A1D7C /* Project object */;
			proxyType = 1;
			remoteGlobalIDString = 44C3796A26A98E76004A1D7C;
			remoteInfo = BigBurger;
		};
		44C3798D26A98E7E004A1D7C /* PBXContainerItemProxy */ = {
			isa = PBXContainerItemProxy;
			containerPortal = 44C3796326A98E75004A1D7C /* Project object */;
			proxyType = 1;
			remoteGlobalIDString = 44C3796A26A98E76004A1D7C;
			remoteInfo = BigBurger;
		};
/* End PBXContainerItemProxy section */

/* Begin PBXFileReference section */
		44C3796B26A98E76004A1D7C /* BigBurger.app */ = {isa = PBXFileReference; explicitFileType = wrapper.application; includeInIndex = 0; path = BigBurger.app; sourceTree = BUILT_PRODUCTS_DIR; };
		44C3796E26A98E76004A1D7C /* AppDelegate.swift */ = {isa = PBXFileReference; lastKnownFileType = sourcecode.swift; path = AppDelegate.swift; sourceTree = "<group>"; };
		44C3797026A98E76004A1D7C /* SceneDelegate.swift */ = {isa = PBXFileReference; lastKnownFileType = sourcecode.swift; path = SceneDelegate.swift; sourceTree = "<group>"; };
		44C3797726A98E7C004A1D7C /* Assets.xcassets */ = {isa = PBXFileReference; lastKnownFileType = folder.assetcatalog; path = Assets.xcassets; sourceTree = "<group>"; };
		44C3797A26A98E7C004A1D7C /* Base */ = {isa = PBXFileReference; lastKnownFileType = file.storyboard; name = Base; path = Base.lproj/LaunchScreen.storyboard; sourceTree = "<group>"; };
		44C3797C26A98E7C004A1D7C /* Info.plist */ = {isa = PBXFileReference; lastKnownFileType = text.plist.xml; path = Info.plist; sourceTree = "<group>"; };
		44C3798126A98E7D004A1D7C /* BigBurgerTests.xctest */ = {isa = PBXFileReference; explicitFileType = wrapper.cfbundle; includeInIndex = 0; path = BigBurgerTests.xctest; sourceTree = BUILT_PRODUCTS_DIR; };
		44C3798526A98E7E004A1D7C /* BigBurgerTests.swift */ = {isa = PBXFileReference; lastKnownFileType = sourcecode.swift; path = BigBurgerTests.swift; sourceTree = "<group>"; };
		44C3798726A98E7E004A1D7C /* Info.plist */ = {isa = PBXFileReference; lastKnownFileType = text.plist.xml; path = Info.plist; sourceTree = "<group>"; };
		44C3798C26A98E7E004A1D7C /* BigBurgerUITests.xctest */ = {isa = PBXFileReference; explicitFileType = wrapper.cfbundle; includeInIndex = 0; path = BigBurgerUITests.xctest; sourceTree = BUILT_PRODUCTS_DIR; };
		44C3799026A98E7E004A1D7C /* BigBurgerUITests.swift */ = {isa = PBXFileReference; lastKnownFileType = sourcecode.swift; path = BigBurgerUITests.swift; sourceTree = "<group>"; };
		44C3799226A98E7E004A1D7C /* Info.plist */ = {isa = PBXFileReference; lastKnownFileType = text.plist.xml; path = Info.plist; sourceTree = "<group>"; };
		44C3799F26A994B1004A1D7C /* BurgerListViewController.swift */ = {isa = PBXFileReference; lastKnownFileType = sourcecode.swift; path = BurgerListViewController.swift; sourceTree = "<group>"; };
		44C379A226A99ABA004A1D7C /* Constant.swift */ = {isa = PBXFileReference; lastKnownFileType = sourcecode.swift; path = Constant.swift; sourceTree = "<group>"; };
		44C379A526A99D45004A1D7C /* BurgerTableViewCell.swift */ = {isa = PBXFileReference; lastKnownFileType = sourcecode.swift; path = BurgerTableViewCell.swift; sourceTree = "<group>"; };
		44C379A726A9A9F7004A1D7C /* ExtensionUimage.swift */ = {isa = PBXFileReference; lastKnownFileType = sourcecode.swift; path = ExtensionUimage.swift; sourceTree = "<group>"; };
		44C379AA26A9B76E004A1D7C /* Burger.swift */ = {isa = PBXFileReference; lastKnownFileType = sourcecode.swift; path = Burger.swift; sourceTree = "<group>"; };
		44C379B126A9B858004A1D7C /* RestApiManager.swift */ = {isa = PBXFileReference; lastKnownFileType = sourcecode.swift; path = RestApiManager.swift; sourceTree = "<group>"; };
		44C379B326A9B8C0004A1D7C /* ParserHelper.swift */ = {isa = PBXFileReference; lastKnownFileType = sourcecode.swift; path = ParserHelper.swift; sourceTree = "<group>"; };
		44C379B526A9B901004A1D7C /* ErrorResult.swift */ = {isa = PBXFileReference; lastKnownFileType = sourcecode.swift; path = ErrorResult.swift; sourceTree = "<group>"; };
		44C379B726A9B929004A1D7C /* BurgerService.swift */ = {isa = PBXFileReference; lastKnownFileType = sourcecode.swift; path = BurgerService.swift; sourceTree = "<group>"; };
		44C379BA26A9B9F5004A1D7C /* BurgerViewModel.swift */ = {isa = PBXFileReference; lastKnownFileType = sourcecode.swift; path = BurgerViewModel.swift; sourceTree = "<group>"; };
		44C379BC26A9BC17004A1D7C /* BaseViewController.swift */ = {isa = PBXFileReference; lastKnownFileType = sourcecode.swift; path = BaseViewController.swift; sourceTree = "<group>"; };
		44C379BE26AAEC3C004A1D7C /* ListOrderViewController.swift */ = {isa = PBXFileReference; lastKnownFileType = sourcecode.swift; path = ListOrderViewController.swift; sourceTree = "<group>"; };
/* End PBXFileReference section */

/* Begin PBXFrameworksBuildPhase section */
		44C3796826A98E76004A1D7C /* Frameworks */ = {
			isa = PBXFrameworksBuildPhase;
			buildActionMask = 2147483647;
			files = (
			);
			runOnlyForDeploymentPostprocessing = 0;
		};
		44C3797E26A98E7D004A1D7C /* Frameworks */ = {
			isa = PBXFrameworksBuildPhase;
			buildActionMask = 2147483647;
			files = (
			);
			runOnlyForDeploymentPostprocessing = 0;
		};
		44C3798926A98E7E004A1D7C /* Frameworks */ = {
			isa = PBXFrameworksBuildPhase;
			buildActionMask = 2147483647;
			files = (
			);
			runOnlyForDeploymentPostprocessing = 0;
		};
/* End PBXFrameworksBuildPhase section */

/* Begin PBXGroup section */
		44C3796226A98E75004A1D7C = {
			isa = PBXGroup;
			children = (
				44C3796D26A98E76004A1D7C /* BigBurger */,
				44C3798426A98E7E004A1D7C /* BigBurgerTests */,
				44C3798F26A98E7E004A1D7C /* BigBurgerUITests */,
				44C3796C26A98E76004A1D7C /* Products */,
			);
			sourceTree = "<group>";
		};
		44C3796C26A98E76004A1D7C /* Products */ = {
			isa = PBXGroup;
			children = (
				44C3796B26A98E76004A1D7C /* BigBurger.app */,
				44C3798126A98E7D004A1D7C /* BigBurgerTests.xctest */,
				44C3798C26A98E7E004A1D7C /* BigBurgerUITests.xctest */,
			);
			name = Products;
			sourceTree = "<group>";
		};
		44C3796D26A98E76004A1D7C /* BigBurger */ = {
			isa = PBXGroup;
			children = (
				44C379B926A9B99B004A1D7C /* ViewModel */,
				44C379AC26A9B7F5004A1D7C /* Network */,
				44C379A926A9B75D004A1D7C /* Model */,
				44C379A126A99AA7004A1D7C /* Helper */,
				44C379A426A99D25004A1D7C /* Cell */,
				44C3799E26A9948C004A1D7C /* ViewController */,
				44C3796E26A98E76004A1D7C /* AppDelegate.swift */,
				44C3797026A98E76004A1D7C /* SceneDelegate.swift */,
				44C3797726A98E7C004A1D7C /* Assets.xcassets */,
				44C3797926A98E7C004A1D7C /* LaunchScreen.storyboard */,
				44C3797C26A98E7C004A1D7C /* Info.plist */,
			);
			path = BigBurger;
			sourceTree = "<group>";
		};
		44C3798426A98E7E004A1D7C /* BigBurgerTests */ = {
			isa = PBXGroup;
			children = (
				44C3798526A98E7E004A1D7C /* BigBurgerTests.swift */,
				44C3798726A98E7E004A1D7C /* Info.plist */,
			);
			path = BigBurgerTests;
			sourceTree = "<group>";
		};
		44C3798F26A98E7E004A1D7C /* BigBurgerUITests */ = {
			isa = PBXGroup;
			children = (
				44C3799026A98E7E004A1D7C /* BigBurgerUITests.swift */,
				44C3799226A98E7E004A1D7C /* Info.plist */,
			);
			path = BigBurgerUITests;
			sourceTree = "<group>";
		};
		44C3799E26A9948C004A1D7C /* ViewController */ = {
			isa = PBXGroup;
			children = (
				44C3799F26A994B1004A1D7C /* BurgerListViewController.swift */,
				44C379BE26AAEC3C004A1D7C /* ListOrderViewController.swift */,
			);
			path = ViewController;
			sourceTree = "<group>";
		};
		44C379A126A99AA7004A1D7C /* Helper */ = {
			isa = PBXGroup;
			children = (
				44C379A226A99ABA004A1D7C /* Constant.swift */,
				44C379A726A9A9F7004A1D7C /* ExtensionUimage.swift */,
				44C379BC26A9BC17004A1D7C /* BaseViewController.swift */,
			);
			path = Helper;
			sourceTree = "<group>";
		};
		44C379A426A99D25004A1D7C /* Cell */ = {
			isa = PBXGroup;
			children = (
				44C379A526A99D45004A1D7C /* BurgerTableViewCell.swift */,
			);
			path = Cell;
			sourceTree = "<group>";
		};
		44C379A926A9B75D004A1D7C /* Model */ = {
			isa = PBXGroup;
			children = (
				44C379AA26A9B76E004A1D7C /* Burger.swift */,
			);
			path = Model;
			sourceTree = "<group>";
		};
		44C379AC26A9B7F5004A1D7C /* Network */ = {
			isa = PBXGroup;
			children = (
				44C379B026A9B835004A1D7C /* Manger */,
				44C379AF26A9B818004A1D7C /* Error */,
				44C379AE26A9B80F004A1D7C /* Parser */,
				44C379AD26A9B800004A1D7C /* Service */,
			);
			path = Network;
			sourceTree = "<group>";
		};
		44C379AD26A9B800004A1D7C /* Service */ = {
			isa = PBXGroup;
			children = (
				44C379B726A9B929004A1D7C /* BurgerService.swift */,
			);
			path = Service;
			sourceTree = "<group>";
		};
		44C379AE26A9B80F004A1D7C /* Parser */ = {
			isa = PBXGroup;
			children = (
				44C379B326A9B8C0004A1D7C /* ParserHelper.swift */,
			);
			path = Parser;
			sourceTree = "<group>";
		};
		44C379AF26A9B818004A1D7C /* Error */ = {
			isa = PBXGroup;
			children = (
				44C379B526A9B901004A1D7C /* ErrorResult.swift */,
			);
			path = Error;
			sourceTree = "<group>";
		};
		44C379B026A9B835004A1D7C /* Manger */ = {
			isa = PBXGroup;
			children = (
				44C379B126A9B858004A1D7C /* RestApiManager.swift */,
			);
			path = Manger;
			sourceTree = "<group>";
		};
		44C379B926A9B99B004A1D7C /* ViewModel */ = {
			isa = PBXGroup;
			children = (
				44C379BA26A9B9F5004A1D7C /* BurgerViewModel.swift */,
			);
			path = ViewModel;
			sourceTree = "<group>";
		};
/* End PBXGroup section */

/* Begin PBXNativeTarget section */
		44C3796A26A98E76004A1D7C /* BigBurger */ = {
			isa = PBXNativeTarget;
			buildConfigurationList = 44C3799526A98E7E004A1D7C /* Build configuration list for PBXNativeTarget "BigBurger" */;
			buildPhases = (
				44C3796726A98E76004A1D7C /* Sources */,
				44C3796826A98E76004A1D7C /* Frameworks */,
				44C3796926A98E76004A1D7C /* Resources */,
			);
			buildRules = (
			);
			dependencies = (
			);
			name = BigBurger;
			productName = BigBurger;
			productReference = 44C3796B26A98E76004A1D7C /* BigBurger.app */;
			productType = "com.apple.product-type.application";
		};
		44C3798026A98E7D004A1D7C /* BigBurgerTests */ = {
			isa = PBXNativeTarget;
			buildConfigurationList = 44C3799826A98E7E004A1D7C /* Build configuration list for PBXNativeTarget "BigBurgerTests" */;
			buildPhases = (
				44C3797D26A98E7D004A1D7C /* Sources */,
				44C3797E26A98E7D004A1D7C /* Frameworks */,
				44C3797F26A98E7D004A1D7C /* Resources */,
			);
			buildRules = (
			);
			dependencies = (
				44C3798326A98E7E004A1D7C /* PBXTargetDependency */,
			);
			name = BigBurgerTests;
			productName = BigBurgerTests;
			productReference = 44C3798126A98E7D004A1D7C /* BigBurgerTests.xctest */;
			productType = "com.apple.product-type.bundle.unit-test";
		};
		44C3798B26A98E7E004A1D7C /* BigBurgerUITests */ = {
			isa = PBXNativeTarget;
			buildConfigurationList = 44C3799B26A98E7E004A1D7C /* Build configuration list for PBXNativeTarget "BigBurgerUITests" */;
			buildPhases = (
				44C3798826A98E7E004A1D7C /* Sources */,
				44C3798926A98E7E004A1D7C /* Frameworks */,
				44C3798A26A98E7E004A1D7C /* Resources */,
			);
			buildRules = (
			);
			dependencies = (
				44C3798E26A98E7E004A1D7C /* PBXTargetDependency */,
			);
			name = BigBurgerUITests;
			productName = BigBurgerUITests;
			productReference = 44C3798C26A98E7E004A1D7C /* BigBurgerUITests.xctest */;
			productType = "com.apple.product-type.bundle.ui-testing";
		};
/* End PBXNativeTarget section */

/* Begin PBXProject section */
		44C3796326A98E75004A1D7C /* Project object */ = {
			isa = PBXProject;
			attributes = {
				LastSwiftUpdateCheck = 1250;
				LastUpgradeCheck = 1250;
				TargetAttributes = {
					44C3796A26A98E76004A1D7C = {
						CreatedOnToolsVersion = 12.5.1;
					};
					44C3798026A98E7D004A1D7C = {
						CreatedOnToolsVersion = 12.5.1;
						TestTargetID = 44C3796A26A98E76004A1D7C;
					};
					44C3798B26A98E7E004A1D7C = {
						CreatedOnToolsVersion = 12.5.1;
						TestTargetID = 44C3796A26A98E76004A1D7C;
					};
				};
			};
			buildConfigurationList = 44C3796626A98E75004A1D7C /* Build configuration list for PBXProject "BigBurger" */;
			compatibilityVersion = "Xcode 9.3";
			developmentRegion = en;
			hasScannedForEncodings = 0;
			knownRegions = (
				en,
				Base,
			);
			mainGroup = 44C3796226A98E75004A1D7C;
			productRefGroup = 44C3796C26A98E76004A1D7C /* Products */;
			projectDirPath = "";
			projectRoot = "";
			targets = (
				44C3796A26A98E76004A1D7C /* BigBurger */,
				44C3798026A98E7D004A1D7C /* BigBurgerTests */,
				44C3798B26A98E7E004A1D7C /* BigBurgerUITests */,
			);
		};
/* End PBXProject section */

/* Begin PBXResourcesBuildPhase section */
		44C3796926A98E76004A1D7C /* Resources */ = {
			isa = PBXResourcesBuildPhase;
			buildActionMask = 2147483647;
			files = (
				44C3797B26A98E7C004A1D7C /* LaunchScreen.storyboard in Resources */,
				44C3797826A98E7C004A1D7C /* Assets.xcassets in Resources */,
			);
			runOnlyForDeploymentPostprocessing = 0;
		};
		44C3797F26A98E7D004A1D7C /* Resources */ = {
			isa = PBXResourcesBuildPhase;
			buildActionMask = 2147483647;
			files = (
			);
			runOnlyForDeploymentPostprocessing = 0;
		};
		44C3798A26A98E7E004A1D7C /* Resources */ = {
			isa = PBXResourcesBuildPhase;
			buildActionMask = 2147483647;
			files = (
			);
			runOnlyForDeploymentPostprocessing = 0;
		};
/* End PBXResourcesBuildPhase section */

/* Begin PBXSourcesBuildPhase section */
		44C3796726A98E76004A1D7C /* Sources */ = {
			isa = PBXSourcesBuildPhase;
			buildActionMask = 2147483647;
			files = (
				44C379BD26A9BC17004A1D7C /* BaseViewController.swift in Sources */,
				44C379AB26A9B76E004A1D7C /* Burger.swift in Sources */,
				44C379B626A9B901004A1D7C /* ErrorResult.swift in Sources */,
				44C379A026A994B1004A1D7C /* BurgerListViewController.swift in Sources */,
				44C379B426A9B8C0004A1D7C /* ParserHelper.swift in Sources */,
				44C379B226A9B858004A1D7C /* RestApiManager.swift in Sources */,
				44C379A626A99D45004A1D7C /* BurgerTableViewCell.swift in Sources */,
				44C3796F26A98E76004A1D7C /* AppDelegate.swift in Sources */,
				44C379BB26A9B9F5004A1D7C /* BurgerViewModel.swift in Sources */,
				44C3797126A98E76004A1D7C /* SceneDelegate.swift in Sources */,
				44C379A326A99ABB004A1D7C /* Constant.swift in Sources */,
				44C379BF26AAEC3C004A1D7C /* ListOrderViewController.swift in Sources */,
				44C379B826A9B929004A1D7C /* BurgerService.swift in Sources */,
				44C379A826A9A9F7004A1D7C /* ExtensionUimage.swift in Sources */,
			);
			runOnlyForDeploymentPostprocessing = 0;
		};
		44C3797D26A98E7D004A1D7C /* Sources */ = {
			isa = PBXSourcesBuildPhase;
			buildActionMask = 2147483647;
			files = (
				44C3798626A98E7E004A1D7C /* BigBurgerTests.swift in Sources */,
			);
			runOnlyForDeploymentPostprocessing = 0;
		};
		44C3798826A98E7E004A1D7C /* Sources */ = {
			isa = PBXSourcesBuildPhase;
			buildActionMask = 2147483647;
			files = (
				44C3799126A98E7E004A1D7C /* BigBurgerUITests.swift in Sources */,
			);
			runOnlyForDeploymentPostprocessing = 0;
		};
/* End PBXSourcesBuildPhase section */

/* Begin PBXTargetDependency section */
		44C3798326A98E7E004A1D7C /* PBXTargetDependency */ = {
			isa = PBXTargetDependency;
			target = 44C3796A26A98E76004A1D7C /* BigBurger */;
			targetProxy = 44C3798226A98E7E004A1D7C /* PBXContainerItemProxy */;
		};
		44C3798E26A98E7E004A1D7C /* PBXTargetDependency */ = {
			isa = PBXTargetDependency;
			target = 44C3796A26A98E76004A1D7C /* BigBurger */;
			targetProxy = 44C3798D26A98E7E004A1D7C /* PBXContainerItemProxy */;
		};
/* End PBXTargetDependency section */

/* Begin PBXVariantGroup section */
		44C3797926A98E7C004A1D7C /* LaunchScreen.storyboard */ = {
			isa = PBXVariantGroup;
			children = (
				44C3797A26A98E7C004A1D7C /* Base */,
			);
			name = LaunchScreen.storyboard;
			sourceTree = "<group>";
		};
/* End PBXVariantGroup section */

/* Begin XCBuildConfiguration section */
		44C3799326A98E7E004A1D7C /* Debug */ = {
			isa = XCBuildConfiguration;
			buildSettings = {
				ALWAYS_SEARCH_USER_PATHS = NO;
				CLANG_ANALYZER_NONNULL = YES;
				CLANG_ANALYZER_NUMBER_OBJECT_CONVERSION = YES_AGGRESSIVE;
				CLANG_CXX_LANGUAGE_STANDARD = "gnu++14";
				CLANG_CXX_LIBRARY = "libc++";
				CLANG_ENABLE_MODULES = YES;
				CLANG_ENABLE_OBJC_ARC = YES;
				CLANG_ENABLE_OBJC_WEAK = YES;
				CLANG_WARN_BLOCK_CAPTURE_AUTORELEASING = YES;
				CLANG_WARN_BOOL_CONVERSION = YES;
				CLANG_WARN_COMMA = YES;
				CLANG_WARN_CONSTANT_CONVERSION = YES;
				CLANG_WARN_DEPRECATED_OBJC_IMPLEMENTATIONS = YES;
				CLANG_WARN_DIRECT_OBJC_ISA_USAGE = YES_ERROR;
				CLANG_WARN_DOCUMENTATION_COMMENTS = YES;
				CLANG_WARN_EMPTY_BODY = YES;
				CLANG_WARN_ENUM_CONVERSION = YES;
				CLANG_WARN_INFINITE_RECURSION = YES;
				CLANG_WARN_INT_CONVERSION = YES;
				CLANG_WARN_NON_LITERAL_NULL_CONVERSION = YES;
				CLANG_WARN_OBJC_IMPLICIT_RETAIN_SELF = YES;
				CLANG_WARN_OBJC_LITERAL_CONVERSION = YES;
				CLANG_WARN_OBJC_ROOT_CLASS = YES_ERROR;
				CLANG_WARN_QUOTED_INCLUDE_IN_FRAMEWORK_HEADER = YES;
				CLANG_WARN_RANGE_LOOP_ANALYSIS = YES;
				CLANG_WARN_STRICT_PROTOTYPES = YES;
				CLANG_WARN_SUSPICIOUS_MOVE = YES;
				CLANG_WARN_UNGUARDED_AVAILABILITY = YES_AGGRESSIVE;
				CLANG_WARN_UNREACHABLE_CODE = YES;
				CLANG_WARN__DUPLICATE_METHOD_MATCH = YES;
				COPY_PHASE_STRIP = NO;
				DEBUG_INFORMATION_FORMAT = dwarf;
				ENABLE_STRICT_OBJC_MSGSEND = YES;
				ENABLE_TESTABILITY = YES;
				GCC_C_LANGUAGE_STANDARD = gnu11;
				GCC_DYNAMIC_NO_PIC = NO;
				GCC_NO_COMMON_BLOCKS = YES;
				GCC_OPTIMIZATION_LEVEL = 0;
				GCC_PREPROCESSOR_DEFINITIONS = (
					"DEBUG=1",
					"$(inherited)",
				);
				GCC_WARN_64_TO_32_BIT_CONVERSION = YES;
				GCC_WARN_ABOUT_RETURN_TYPE = YES_ERROR;
				GCC_WARN_UNDECLARED_SELECTOR = YES;
				GCC_WARN_UNINITIALIZED_AUTOS = YES_AGGRESSIVE;
				GCC_WARN_UNUSED_FUNCTION = YES;
				GCC_WARN_UNUSED_VARIABLE = YES;
				IPHONEOS_DEPLOYMENT_TARGET = 14.5;
				MTL_ENABLE_DEBUG_INFO = INCLUDE_SOURCE;
				MTL_FAST_MATH = YES;
				ONLY_ACTIVE_ARCH = YES;
				SDKROOT = iphoneos;
				SWIFT_ACTIVE_COMPILATION_CONDITIONS = DEBUG;
				SWIFT_OPTIMIZATION_LEVEL = "-Onone";
			};
			name = Debug;
		};
		44C3799426A98E7E004A1D7C /* Release */ = {
			isa = XCBuildConfiguration;
			buildSettings = {
				ALWAYS_SEARCH_USER_PATHS = NO;
				CLANG_ANALYZER_NONNULL = YES;
				CLANG_ANALYZER_NUMBER_OBJECT_CONVERSION = YES_AGGRESSIVE;
				CLANG_CXX_LANGUAGE_STANDARD = "gnu++14";
				CLANG_CXX_LIBRARY = "libc++";
				CLANG_ENABLE_MODULES = YES;
				CLANG_ENABLE_OBJC_ARC = YES;
				CLANG_ENABLE_OBJC_WEAK = YES;
				CLANG_WARN_BLOCK_CAPTURE_AUTORELEASING = YES;
				CLANG_WARN_BOOL_CONVERSION = YES;
				CLANG_WARN_COMMA = YES;
				CLANG_WARN_CONSTANT_CONVERSION = YES;
				CLANG_WARN_DEPRECATED_OBJC_IMPLEMENTATIONS = YES;
				CLANG_WARN_DIRECT_OBJC_ISA_USAGE = YES_ERROR;
				CLANG_WARN_DOCUMENTATION_COMMENTS = YES;
				CLANG_WARN_EMPTY_BODY = YES;
				CLANG_WARN_ENUM_CONVERSION = YES;
				CLANG_WARN_INFINITE_RECURSION = YES;
				CLANG_WARN_INT_CONVERSION = YES;
				CLANG_WARN_NON_LITERAL_NULL_CONVERSION = YES;
				CLANG_WARN_OBJC_IMPLICIT_RETAIN_SELF = YES;
				CLANG_WARN_OBJC_LITERAL_CONVERSION = YES;
				CLANG_WARN_OBJC_ROOT_CLASS = YES_ERROR;
				CLANG_WARN_QUOTED_INCLUDE_IN_FRAMEWORK_HEADER = YES;
				CLANG_WARN_RANGE_LOOP_ANALYSIS = YES;
				CLANG_WARN_STRICT_PROTOTYPES = YES;
				CLANG_WARN_SUSPICIOUS_MOVE = YES;
				CLANG_WARN_UNGUARDED_AVAILABILITY = YES_AGGRESSIVE;
				CLANG_WARN_UNREACHABLE_CODE = YES;
				CLANG_WARN__DUPLICATE_METHOD_MATCH = YES;
				COPY_PHASE_STRIP = NO;
				DEBUG_INFORMATION_FORMAT = "dwarf-with-dsym";
				ENABLE_NS_ASSERTIONS = NO;
				ENABLE_STRICT_OBJC_MSGSEND = YES;
				GCC_C_LANGUAGE_STANDARD = gnu11;
				GCC_NO_COMMON_BLOCKS = YES;
				GCC_WARN_64_TO_32_BIT_CONVERSION = YES;
				GCC_WARN_ABOUT_RETURN_TYPE = YES_ERROR;
				GCC_WARN_UNDECLARED_SELECTOR = YES;
				GCC_WARN_UNINITIALIZED_AUTOS = YES_AGGRESSIVE;
				GCC_WARN_UNUSED_FUNCTION = YES;
				GCC_WARN_UNUSED_VARIABLE = YES;
				IPHONEOS_DEPLOYMENT_TARGET = 14.5;
				MTL_ENABLE_DEBUG_INFO = NO;
				MTL_FAST_MATH = YES;
				SDKROOT = iphoneos;
				SWIFT_COMPILATION_MODE = wholemodule;
				SWIFT_OPTIMIZATION_LEVEL = "-O";
				VALIDATE_PRODUCT = YES;
			};
			name = Release;
		};
		44C3799626A98E7E004A1D7C /* Debug */ = {
			isa = XCBuildConfiguration;
			buildSettings = {
				ASSETCATALOG_COMPILER_APPICON_NAME = AppIcon;
				ASSETCATALOG_COMPILER_GLOBAL_ACCENT_COLOR_NAME = AccentColor;
				CODE_SIGN_STYLE = Automatic;
				DEVELOPMENT_TEAM = 4TK8WJTN3C;
				INFOPLIST_FILE = BigBurger/Info.plist;
				LD_RUNPATH_SEARCH_PATHS = (
					"$(inherited)",
					"@executable_path/Frameworks",
				);
				PRODUCT_BUNDLE_IDENTIFIER = walid.BigBurger;
				PRODUCT_NAME = "$(TARGET_NAME)";
				SWIFT_VERSION = 5.0;
				TARGETED_DEVICE_FAMILY = "1,2";
			};
			name = Debug;
		};
		44C3799726A98E7E004A1D7C /* Release */ = {
			isa = XCBuildConfiguration;
			buildSettings = {
				ASSETCATALOG_COMPILER_APPICON_NAME = AppIcon;
				ASSETCATALOG_COMPILER_GLOBAL_ACCENT_COLOR_NAME = AccentColor;
				CODE_SIGN_STYLE = Automatic;
				DEVELOPMENT_TEAM = 4TK8WJTN3C;
				INFOPLIST_FILE = BigBurger/Info.plist;
				LD_RUNPATH_SEARCH_PATHS = (
					"$(inherited)",
					"@executable_path/Frameworks",
				);
				PRODUCT_BUNDLE_IDENTIFIER = walid.BigBurger;
				PRODUCT_NAME = "$(TARGET_NAME)";
				SWIFT_VERSION = 5.0;
				TARGETED_DEVICE_FAMILY = "1,2";
			};
			name = Release;
		};
		44C3799926A98E7E004A1D7C /* Debug */ = {
			isa = XCBuildConfiguration;
			buildSettings = {
				ALWAYS_EMBED_SWIFT_STANDARD_LIBRARIES = YES;
				BUNDLE_LOADER = "$(TEST_HOST)";
				CODE_SIGN_STYLE = Automatic;
				DEVELOPMENT_TEAM = 4TK8WJTN3C;
				INFOPLIST_FILE = BigBurgerTests/Info.plist;
				IPHONEOS_DEPLOYMENT_TARGET = 14.5;
				LD_RUNPATH_SEARCH_PATHS = (
					"$(inherited)",
					"@executable_path/Frameworks",
					"@loader_path/Frameworks",
				);
				PRODUCT_BUNDLE_IDENTIFIER = walid.BigBurgerTests;
				PRODUCT_NAME = "$(TARGET_NAME)";
				SWIFT_VERSION = 5.0;
				TARGETED_DEVICE_FAMILY = "1,2";
				TEST_HOST = "$(BUILT_PRODUCTS_DIR)/BigBurger.app/BigBurger";
			};
			name = Debug;
		};
		44C3799A26A98E7E004A1D7C /* Release */ = {
			isa = XCBuildConfiguration;
			buildSettings = {
				ALWAYS_EMBED_SWIFT_STANDARD_LIBRARIES = YES;
				BUNDLE_LOADER = "$(TEST_HOST)";
				CODE_SIGN_STYLE = Automatic;
				DEVELOPMENT_TEAM = 4TK8WJTN3C;
				INFOPLIST_FILE = BigBurgerTests/Info.plist;
				IPHONEOS_DEPLOYMENT_TARGET = 14.5;
				LD_RUNPATH_SEARCH_PATHS = (
					"$(inherited)",
					"@executable_path/Frameworks",
					"@loader_path/Frameworks",
				);
				PRODUCT_BUNDLE_IDENTIFIER = walid.BigBurgerTests;
				PRODUCT_NAME = "$(TARGET_NAME)";
				SWIFT_VERSION = 5.0;
				TARGETED_DEVICE_FAMILY = "1,2";
				TEST_HOST = "$(BUILT_PRODUCTS_DIR)/BigBurger.app/BigBurger";
			};
			name = Release;
		};
		44C3799C26A98E7E004A1D7C /* Debug */ = {
			isa = XCBuildConfiguration;
			buildSettings = {
				ALWAYS_EMBED_SWIFT_STANDARD_LIBRARIES = YES;
				CODE_SIGN_STYLE = Automatic;
				DEVELOPMENT_TEAM = 4TK8WJTN3C;
				INFOPLIST_FILE = BigBurgerUITests/Info.plist;
				LD_RUNPATH_SEARCH_PATHS = (
					"$(inherited)",
					"@executable_path/Frameworks",
					"@loader_path/Frameworks",
				);
				PRODUCT_BUNDLE_IDENTIFIER = walid.BigBurgerUITests;
				PRODUCT_NAME = "$(TARGET_NAME)";
				SWIFT_VERSION = 5.0;
				TARGETED_DEVICE_FAMILY = "1,2";
				TEST_TARGET_NAME = BigBurger;
			};
			name = Debug;
		};
		44C3799D26A98E7E004A1D7C /* Release */ = {
			isa = XCBuildConfiguration;
			buildSettings = {
				ALWAYS_EMBED_SWIFT_STANDARD_LIBRARIES = YES;
				CODE_SIGN_STYLE = Automatic;
				DEVELOPMENT_TEAM = 4TK8WJTN3C;
				INFOPLIST_FILE = BigBurgerUITests/Info.plist;
				LD_RUNPATH_SEARCH_PATHS = (
					"$(inherited)",
					"@executable_path/Frameworks",
					"@loader_path/Frameworks",
				);
				PRODUCT_BUNDLE_IDENTIFIER = walid.BigBurgerUITests;
				PRODUCT_NAME = "$(TARGET_NAME)";
				SWIFT_VERSION = 5.0;
				TARGETED_DEVICE_FAMILY = "1,2";
				TEST_TARGET_NAME = BigBurger;
			};
			name = Release;
		};
/* End XCBuildConfiguration section */

/* Begin XCConfigurationList section */
		44C3796626A98E75004A1D7C /* Build configuration list for PBXProject "BigBurger" */ = {
			isa = XCConfigurationList;
			buildConfigurations = (
				44C3799326A98E7E004A1D7C /* Debug */,
				44C3799426A98E7E004A1D7C /* Release */,
			);
			defaultConfigurationIsVisible = 0;
			defaultConfigurationName = Release;
		};
		44C3799526A98E7E004A1D7C /* Build configuration list for PBXNativeTarget "BigBurger" */ = {
			isa = XCConfigurationList;
			buildConfigurations = (
				44C3799626A98E7E004A1D7C /* Debug */,
				44C3799726A98E7E004A1D7C /* Release */,
			);
			defaultConfigurationIsVisible = 0;
			defaultConfigurationName = Release;
		};
		44C3799826A98E7E004A1D7C /* Build configuration list for PBXNativeTarget "BigBurgerTests" */ = {
			isa = XCConfigurationList;
			buildConfigurations = (
				44C3799926A98E7E004A1D7C /* Debug */,
				44C3799A26A98E7E004A1D7C /* Release */,
			);
			defaultConfigurationIsVisible = 0;
			defaultConfigurationName = Release;
		};
		44C3799B26A98E7E004A1D7C /* Build configuration list for PBXNativeTarget "BigBurgerUITests" */ = {
			isa = XCConfigurationList;
			buildConfigurations = (
				44C3799C26A98E7E004A1D7C /* Debug */,
				44C3799D26A98E7E004A1D7C /* Release */,
			);
			defaultConfigurationIsVisible = 0;
			defaultConfigurationName = Release;
		};
/* End XCConfigurationList section */
	};
	rootObject = 44C3796326A98E75004A1D7C /* Project object */;
}
